# THIS IS AN AUTOGENERATED FILE. DO NOT EDIT THIS FILE DIRECTLY.
# yarn lockfile v1


emojilib@^2.0.4:
  version "2.0.4"
  resolved "https://registry.yarnpkg.com/emojilib/-/emojilib-2.0.4.tgz#491fcba1f27baa200fb80d8ef8db91b9ddc92ab9"

json-loader@^0.5.4:
  version "0.5.4"
  resolved "https://registry.yarnpkg.com/json-loader/-/json-loader-0.5.4.tgz#8baa1365a632f58a3c46d20175fc6002c96e37de"
